{
    "name": "exam-19-april-2019",
    "version": "1.0.0",
    "lockfileVersion": 2,
    "requires": true,
    "packages": {
        "": {
            "name": "exam-19-april-2019",
            "version": "1.0.0",
            "license": "ISC",
            "dependencies": {
                "modules": "^0.4.0",
                "node": "^16.4.0"
            }
        },
        "node_modules/modules": {
            "version": "0.4.0",
            "resolved": "https://registry.npmjs.org/modules/-/modules-0.4.0.tgz",
            "integrity": "sha1-eoVv0Nip4KXD47u7q2iWCRDsjIk=",
            "engines": {
                "node": "*"
            }
        },
        "node_modules/node": {
            "version": "16.4.0",
            "resolved": "https://registry.npmjs.org/node/-/node-16.4.0.tgz",
            "integrity": "sha512-6HFwNVm88RTjuMJVkvTq0TozF0fZdvtq56K5LStRaVJ4x3xQsax+P5sLsp3OChTsRlqr80eqoQ+mLggYXJte/g==",
            "hasInstallScript": true,
            "dependencies": {
                "node-bin-setup": "^1.0.0"
            },
            "bin": {
                "node": "bin/node"
            },
            "engines": {
                "npm": ">=5.0.0"
            }
        },
        "node_modules/node-bin-setup": {
            "version": "1.0.6",
            "resolved": "https://registry.npmjs.org/node-bin-setup/-/node-bin-setup-1.0.6.tgz",
            "integrity": "sha512-uPIxXNis1CRbv1DwqAxkgBk5NFV3s7cMN/Gf556jSw6jBvV7ca4F9lRL/8cALcZecRibeqU+5dFYqFFmzv5a0Q=="
        }
    },
    "dependencies": {
        "modules": {
            "version": "0.4.0",
            "resolved": "https://registry.npmjs.org/modules/-/modules-0.4.0.tgz",
            "integrity": "sha1-eoVv0Nip4KXD47u7q2iWCRDsjIk="
        },
        "node": {
            "version": "16.4.0",
            "resolved": "https://registry.npmjs.org/node/-/node-16.4.0.tgz",
            "integrity": "sha512-6HFwNVm88RTjuMJVkvTq0TozF0fZdvtq56K5LStRaVJ4x3xQsax+P5sLsp3OChTsRlqr80eqoQ+mLggYXJte/g==",
            "requires": {
                "node-bin-setup": "^1.0.0"
            }
        },
        "node-bin-setup": {
            "version": "1.0.6",
            "resolved": "https://registry.npmjs.org/node-bin-setup/-/node-bin-setup-1.0.6.tgz",
            "integrity": "sha512-uPIxXNis1CRbv1DwqAxkgBk5NFV3s7cMN/Gf556jSw6jBvV7ca4F9lRL/8cALcZecRibeqU+5dFYqFFmzv5a0Q=="
        }
    }
}
